
Microsoft Visual Studio Solution File, Format Version 12.00
# Visual Studio Version 17
VisualStudioVersion = 17.5.33627.172
MinimumVisualStudioVersion = 10.0.40219.1
Project("{FAE04EC0-301F-11D3-BF4B-00C04F79EFBC}") = "Week7Functions", "Week7Functions\Week7Functions.csproj", "{F43B64C0-DCB8-416E-9B0E-83536895459F}"
EndProject
Project("{FAE04EC0-301F-11D3-BF4B-00C04F79EFBC}") = "ArgumentsAndParameters", "ArgumentsAndParameters\ArgumentsAndParameters.csproj", "{8232856F-B425-49DC-8B85-9583BAAE68C8}"
EndProject
Project("{FAE04EC0-301F-11D3-BF4B-00C04F79EFBC}") = "Calculator", "Calculator\Calculator.csproj", "{C65EA9C3-1211-4E83-B847-2E76CD19C0F9}"
EndProject
Project("{FAE04EC0-301F-11D3-BF4B-00C04F79EFBC}") = "DiscountCalculator", "DiscountCalculator\DiscountCalculator.csproj", "{E3B96ED9-8B1E-4C14-8E13-5ADAB8A55BCF}"
EndProject
Global
	GlobalSection(SolutionConfigurationPlatforms) = preSolution
		Debug|Any CPU = Debug|Any CPU
		Release|Any CPU = Release|Any CPU
	EndGlobalSection
	GlobalSection(ProjectConfigurationPlatforms) = postSolution
		{F43B64C0-DCB8-416E-9B0E-83536895459F}.Debug|Any CPU.ActiveCfg = Debug|Any CPU
		{F43B64C0-DCB8-416E-9B0E-83536895459F}.Debug|Any CPU.Build.0 = Debug|Any CPU
		{F43B64C0-DCB8-416E-9B0E-83536895459F}.Release|Any CPU.ActiveCfg = Release|Any CPU
		{F43B64C0-DCB8-416E-9B0E-83536895459F}.Release|Any CPU.Build.0 = Release|Any CPU
		{8232856F-B425-49DC-8B85-9583BAAE68C8}.Debug|Any CPU.ActiveCfg = Debug|Any CPU
		{8232856F-B425-49DC-8B85-9583BAAE68C8}.Debug|Any CPU.Build.0 = Debug|Any CPU
		{8232856F-B425-49DC-8B85-9583BAAE68C8}.Release|Any CPU.ActiveCfg = Release|Any CPU
		{8232856F-B425-49DC-8B85-9583BAAE68C8}.Release|Any CPU.Build.0 = Release|Any CPU
		{C65EA9C3-1211-4E83-B847-2E76CD19C0F9}.Debug|Any CPU.ActiveCfg = Debug|Any CPU
		{C65EA9C3-1211-4E83-B847-2E76CD19C0F9}.Debug|Any CPU.Build.0 = Debug|Any CPU
		{C65EA9C3-1211-4E83-B847-2E76CD19C0F9}.Release|Any CPU.ActiveCfg = Release|Any CPU
		{C65EA9C3-1211-4E83-B847-2E76CD19C0F9}.Release|Any CPU.Build.0 = Release|Any CPU
		{E3B96ED9-8B1E-4C14-8E13-5ADAB8A55BCF}.Debug|Any CPU.ActiveCfg = Debug|Any CPU
		{E3B96ED9-8B1E-4C14-8E13-5ADAB8A55BCF}.Debug|Any CPU.Build.0 = Debug|Any CPU
		{E3B96ED9-8B1E-4C14-8E13-5ADAB8A55BCF}.Release|Any CPU.ActiveCfg = Release|Any CPU
		{E3B96ED9-8B1E-4C14-8E13-5ADAB8A55BCF}.Release|Any CPU.Build.0 = Release|Any CPU
	EndGlobalSection
	GlobalSection(SolutionProperties) = preSolution
		HideSolutionNode = FALSE
	EndGlobalSection
	GlobalSection(ExtensibilityGlobals) = postSolution
		SolutionGuid = {A0DD5A97-EB24-46DC-8D6D-5EF47001DCB9}
	EndGlobalSection
EndGlobal
